
Microsoft Visual Studio Solution File, Format Version 12.00
# Visual Studio Version 16
VisualStudioVersion = 16.0.29020.237
MinimumVisualStudioVersion = 10.0.40219.1
Project("{FAE04EC0-301F-11D3-BF4B-00C04F79EFBC}") = "Web API Project", "Web API Project\Web API Project.csproj", "{E88A5172-69EE-4B03-8263-06868D77CB9A}"
EndProject
Project("{FAE04EC0-301F-11D3-BF4B-00C04F79EFBC}") = "Web Project", "Web Project\Web Project.csproj", "{982DAF62-77EF-45B9-8F68-5054E2F888A6}"
EndProject
Global
	GlobalSection(SolutionConfigurationPlatforms) = preSolution
		Debug|Any CPU = Debug|Any CPU
		Release|Any CPU = Release|Any CPU
	EndGlobalSection
	GlobalSection(ProjectConfigurationPlatforms) = postSolution
		{E88A5172-69EE-4B03-8263-06868D77CB9A}.Debug|Any CPU.ActiveCfg = Debug|Any CPU
		{E88A5172-69EE-4B03-8263-06868D77CB9A}.Debug|Any CPU.Build.0 = Debug|Any CPU
		{E88A5172-69EE-4B03-8263-06868D77CB9A}.Release|Any CPU.ActiveCfg = Release|Any CPU
		{E88A5172-69EE-4B03-8263-06868D77CB9A}.Release|Any CPU.Build.0 = Release|Any CPU
		{982DAF62-77EF-45B9-8F68-5054E2F888A6}.Debug|Any CPU.ActiveCfg = Debug|Any CPU
		{982DAF62-77EF-45B9-8F68-5054E2F888A6}.Debug|Any CPU.Build.0 = Debug|Any CPU
		{982DAF62-77EF-45B9-8F68-5054E2F888A6}.Release|Any CPU.ActiveCfg = Release|Any CPU
		{982DAF62-77EF-45B9-8F68-5054E2F888A6}.Release|Any CPU.Build.0 = Release|Any CPU
	EndGlobalSection
	GlobalSection(SolutionProperties) = preSolution
		HideSolutionNode = FALSE
	EndGlobalSection
	GlobalSection(ExtensibilityGlobals) = postSolution
		SolutionGuid = {44EB9396-073A-4465-A56B-29D8E6D1C2B2}
	EndGlobalSection
EndGlobal
